
Microsoft Visual Studio Solution File, Format Version 11.00
# Visual Studio 2010
Project("{8BC9CEB8-8B4A-11D0-8D11-00A0C91BC942}") = "0126", "0126.vcxproj", "{26EE9943-58B3-4348-8168-9567FD898E83}"
EndProject
Global
	GlobalSection(SolutionConfigurationPlatforms) = preSolution
		Debug|Win32 = Debug|Win32
		Release|Win32 = Release|Win32
	EndGlobalSection
	GlobalSection(ProjectConfigurationPlatforms) = postSolution
		{26EE9943-58B3-4348-8168-9567FD898E83}.Debug|Win32.ActiveCfg = Debug|Win32
		{26EE9943-58B3-4348-8168-9567FD898E83}.Debug|Win32.Build.0 = Debug|Win32
		{26EE9943-58B3-4348-8168-9567FD898E83}.Release|Win32.ActiveCfg = Release|Win32
		{26EE9943-58B3-4348-8168-9567FD898E83}.Release|Win32.Build.0 = Release|Win32
	EndGlobalSection
	GlobalSection(SolutionProperties) = preSolution
		HideSolutionNode = FALSE
	EndGlobalSection
EndGlobal
